
Microsoft Visual Studio Solution File, Format Version 12.00
# Visual Studio 2013
VisualStudioVersion = 12.0.40629.0
MinimumVisualStudioVersion = 10.0.40219.1
Project("{8BC9CEB8-8B4A-11D0-8D11-00A0C91BC942}") = "asp", "asp\asp.vcxproj", "{C8A54D11-36A2-4D8C-937C-E67252818269}"
EndProject
Project("{8BC9CEB8-8B4A-11D0-8D11-00A0C91BC942}") = "asp_test", "asp_test\asp_test.vcxproj", "{FA1D412A-FE7E-4C6D-ABFB-72AF0922E8A6}"
EndProject
Project("{8BC9CEB8-8B4A-11D0-8D11-00A0C91BC942}") = "asp_dll", "asp_dll\asp_dll.vcxproj", "{FC255EFB-4673-4174-AAB2-990F2ED09205}"
EndProject
Global
	GlobalSection(SolutionConfigurationPlatforms) = preSolution
		Debug|Win32 = Debug|Win32
		Release|Win32 = Release|Win32
	EndGlobalSection
	GlobalSection(ProjectConfigurationPlatforms) = postSolution
		{C8A54D11-36A2-4D8C-937C-E67252818269}.Debug|Win32.ActiveCfg = Debug|Win32
		{C8A54D11-36A2-4D8C-937C-E67252818269}.Debug|Win32.Build.0 = Debug|Win32
		{C8A54D11-36A2-4D8C-937C-E67252818269}.Release|Win32.ActiveCfg = Release|Win32
		{C8A54D11-36A2-4D8C-937C-E67252818269}.Release|Win32.Build.0 = Release|Win32
		{FA1D412A-FE7E-4C6D-ABFB-72AF0922E8A6}.Debug|Win32.ActiveCfg = Debug|Win32
		{FA1D412A-FE7E-4C6D-ABFB-72AF0922E8A6}.Debug|Win32.Build.0 = Debug|Win32
		{FA1D412A-FE7E-4C6D-ABFB-72AF0922E8A6}.Release|Win32.ActiveCfg = Release|Win32
		{FA1D412A-FE7E-4C6D-ABFB-72AF0922E8A6}.Release|Win32.Build.0 = Release|Win32
		{FC255EFB-4673-4174-AAB2-990F2ED09205}.Debug|Win32.ActiveCfg = Debug|Win32
		{FC255EFB-4673-4174-AAB2-990F2ED09205}.Debug|Win32.Build.0 = Debug|Win32
		{FC255EFB-4673-4174-AAB2-990F2ED09205}.Release|Win32.ActiveCfg = Release|Win32
		{FC255EFB-4673-4174-AAB2-990F2ED09205}.Release|Win32.Build.0 = Release|Win32
	EndGlobalSection
	GlobalSection(SolutionProperties) = preSolution
		HideSolutionNode = FALSE
	EndGlobalSection
EndGlobal
